// !$*UTF8*$!
{
	archiveVersion = 1;
	classes = {
	};
	objectVersion = 56;
	objects = {

/* Begin PBXBuildFile section */
		4208031DD00448B7A574E272 /* Pods_Eco_Stem.framework in Frameworks */ = {isa = PBXBuildFile; fileRef = 357B8F3AE35B450F15748BEC /* Pods_Eco_Stem.framework */; };
		6183F3F62A2DED46006F14C2 /* LogInViewController.swift in Sources */ = {isa = PBXBuildFile; fileRef = 6183F3F52A2DED46006F14C2 /* LogInViewController.swift */; };
		6183F3F82A2DED54006F14C2 /* SignUpViewController.swift in Sources */ = {isa = PBXBuildFile; fileRef = 6183F3F72A2DED54006F14C2 /* SignUpViewController.swift */; };
		6183F3FA2A2DED6D006F14C2 /* ForgotPasswordViewController.swift in Sources */ = {isa = PBXBuildFile; fileRef = 6183F3F92A2DED6D006F14C2 /* ForgotPasswordViewController.swift */; };
		61A6FF9A2A2DE2E3004B6112 /* AppDelegate.swift in Sources */ = {isa = PBXBuildFile; fileRef = 61A6FF992A2DE2E3004B6112 /* AppDelegate.swift */; };
		61A6FF9C2A2DE2E3004B6112 /* SceneDelegate.swift in Sources */ = {isa = PBXBuildFile; fileRef = 61A6FF9B2A2DE2E3004B6112 /* SceneDelegate.swift */; };
		61A6FF9E2A2DE2E3004B6112 /* WelcomeViewController.swift in Sources */ = {isa = PBXBuildFile; fileRef = 61A6FF9D2A2DE2E3004B6112 /* WelcomeViewController.swift */; };
		61A6FFA12A2DE2E3004B6112 /* Main.storyboard in Resources */ = {isa = PBXBuildFile; fileRef = 61A6FF9F2A2DE2E3004B6112 /* Main.storyboard */; };
		61A6FFA42A2DE2E3004B6112 /* Eco_Stem.xcdatamodeld in Sources */ = {isa = PBXBuildFile; fileRef = 61A6FFA22A2DE2E3004B6112 /* Eco_Stem.xcdatamodeld */; };
		61A6FFA62A2DE2E4004B6112 /* Assets.xcassets in Resources */ = {isa = PBXBuildFile; fileRef = 61A6FFA52A2DE2E4004B6112 /* Assets.xcassets */; };
		61A6FFA92A2DE2E4004B6112 /* LaunchScreen.storyboard in Resources */ = {isa = PBXBuildFile; fileRef = 61A6FFA72A2DE2E4004B6112 /* LaunchScreen.storyboard */; };
/* End PBXBuildFile section */

/* Begin PBXFileReference section */
		357B8F3AE35B450F15748BEC /* Pods_Eco_Stem.framework */ = {isa = PBXFileReference; explicitFileType = wrapper.framework; includeInIndex = 0; path = Pods_Eco_Stem.framework; sourceTree = BUILT_PRODUCTS_DIR; };
		60C92658491F636D5878012B /* Pods-Eco Stem.debug.xcconfig */ = {isa = PBXFileReference; includeInIndex = 1; lastKnownFileType = text.xcconfig; name = "Pods-Eco Stem.debug.xcconfig"; path = "Target Support Files/Pods-Eco Stem/Pods-Eco Stem.debug.xcconfig"; sourceTree = "<group>"; };
		6183F3F52A2DED46006F14C2 /* LogInViewController.swift */ = {isa = PBXFileReference; lastKnownFileType = sourcecode.swift; path = LogInViewController.swift; sourceTree = "<group>"; };
		6183F3F72A2DED54006F14C2 /* SignUpViewController.swift */ = {isa = PBXFileReference; lastKnownFileType = sourcecode.swift; path = SignUpViewController.swift; sourceTree = "<group>"; };
		6183F3F92A2DED6D006F14C2 /* ForgotPasswordViewController.swift */ = {isa = PBXFileReference; lastKnownFileType = sourcecode.swift; path = ForgotPasswordViewController.swift; sourceTree = "<group>"; };
		61A6FF962A2DE2E3004B6112 /* Eco Stem.app */ = {isa = PBXFileReference; explicitFileType = wrapper.application; includeInIndex = 0; path = "Eco Stem.app"; sourceTree = BUILT_PRODUCTS_DIR; };
		61A6FF992A2DE2E3004B6112 /* AppDelegate.swift */ = {isa = PBXFileReference; lastKnownFileType = sourcecode.swift; path = AppDelegate.swift; sourceTree = "<group>"; };
		61A6FF9B2A2DE2E3004B6112 /* SceneDelegate.swift */ = {isa = PBXFileReference; lastKnownFileType = sourcecode.swift; path = SceneDelegate.swift; sourceTree = "<group>"; };
		61A6FF9D2A2DE2E3004B6112 /* WelcomeViewController.swift */ = {isa = PBXFileReference; lastKnownFileType = sourcecode.swift; path = WelcomeViewController.swift; sourceTree = "<group>"; };
		61A6FFA02A2DE2E3004B6112 /* Base */ = {isa = PBXFileReference; lastKnownFileType = file.storyboard; name = Base; path = Base.lproj/Main.storyboard; sourceTree = "<group>"; };
		61A6FFA32A2DE2E3004B6112 /* Eco_Stem.xcdatamodel */ = {isa = PBXFileReference; lastKnownFileType = wrapper.xcdatamodel; path = Eco_Stem.xcdatamodel; sourceTree = "<group>"; };
		61A6FFA52A2DE2E4004B6112 /* Assets.xcassets */ = {isa = PBXFileReference; lastKnownFileType = folder.assetcatalog; path = Assets.xcassets; sourceTree = "<group>"; };
		61A6FFA82A2DE2E4004B6112 /* Base */ = {isa = PBXFileReference; lastKnownFileType = file.storyboard; name = Base; path = Base.lproj/LaunchScreen.storyboard; sourceTree = "<group>"; };
		61A6FFAA2A2DE2E4004B6112 /* Info.plist */ = {isa = PBXFileReference; lastKnownFileType = text.plist.xml; path = Info.plist; sourceTree = "<group>"; };
		CE9E2F16DCB36539810D408E /* Pods-Eco Stem.release.xcconfig */ = {isa = PBXFileReference; includeInIndex = 1; lastKnownFileType = text.xcconfig; name = "Pods-Eco Stem.release.xcconfig"; path = "Target Support Files/Pods-Eco Stem/Pods-Eco Stem.release.xcconfig"; sourceTree = "<group>"; };
/* End PBXFileReference section */

/* Begin PBXFrameworksBuildPhase section */
		61A6FF932A2DE2E3004B6112 /* Frameworks */ = {
			isa = PBXFrameworksBuildPhase;
			buildActionMask = 2147483647;
			files = (
				4208031DD00448B7A574E272 /* Pods_Eco_Stem.framework in Frameworks */,
			);
			runOnlyForDeploymentPostprocessing = 0;
		};
/* End PBXFrameworksBuildPhase section */

/* Begin PBXGroup section */
		0C1EDD325A94FAB0DF5BDB64 /* Frameworks */ = {
			isa = PBXGroup;
			children = (
				357B8F3AE35B450F15748BEC /* Pods_Eco_Stem.framework */,
			);
			name = Frameworks;
			sourceTree = "<group>";
		};
		54442F3B9C1FFEDFB5701B9C /* Pods */ = {
			isa = PBXGroup;
			children = (
				60C92658491F636D5878012B /* Pods-Eco Stem.debug.xcconfig */,
				CE9E2F16DCB36539810D408E /* Pods-Eco Stem.release.xcconfig */,
			);
			path = Pods;
			sourceTree = "<group>";
		};
		61A6FF8D2A2DE2E3004B6112 = {
			isa = PBXGroup;
			children = (
				61A6FF982A2DE2E3004B6112 /* Eco Stem */,
				61A6FF972A2DE2E3004B6112 /* Products */,
				54442F3B9C1FFEDFB5701B9C /* Pods */,
				0C1EDD325A94FAB0DF5BDB64 /* Frameworks */,
			);
			sourceTree = "<group>";
		};
		61A6FF972A2DE2E3004B6112 /* Products */ = {
			isa = PBXGroup;
			children = (
				61A6FF962A2DE2E3004B6112 /* Eco Stem.app */,
			);
			name = Products;
			sourceTree = "<group>";
		};
		61A6FF982A2DE2E3004B6112 /* Eco Stem */ = {
			isa = PBXGroup;
			children = (
				61A6FF992A2DE2E3004B6112 /* AppDelegate.swift */,
				61A6FF9B2A2DE2E3004B6112 /* SceneDelegate.swift */,
				61A6FF9D2A2DE2E3004B6112 /* WelcomeViewController.swift */,
				61A6FF9F2A2DE2E3004B6112 /* Main.storyboard */,
				61A6FFA52A2DE2E4004B6112 /* Assets.xcassets */,
				61A6FFA72A2DE2E4004B6112 /* LaunchScreen.storyboard */,
				61A6FFAA2A2DE2E4004B6112 /* Info.plist */,
				61A6FFA22A2DE2E3004B6112 /* Eco_Stem.xcdatamodeld */,
				6183F3F52A2DED46006F14C2 /* LogInViewController.swift */,
				6183F3F72A2DED54006F14C2 /* SignUpViewController.swift */,
				6183F3F92A2DED6D006F14C2 /* ForgotPasswordViewController.swift */,
			);
			path = "Eco Stem";
			sourceTree = "<group>";
		};
/* End PBXGroup section */

/* Begin PBXNativeTarget section */
		61A6FF952A2DE2E3004B6112 /* Eco Stem */ = {
			isa = PBXNativeTarget;
			buildConfigurationList = 61A6FFAD2A2DE2E4004B6112 /* Build configuration list for PBXNativeTarget "Eco Stem" */;
			buildPhases = (
				6B141FC568D9E2AFA9F696A0 /* [CP] Check Pods Manifest.lock */,
				61A6FF922A2DE2E3004B6112 /* Sources */,
				61A6FF932A2DE2E3004B6112 /* Frameworks */,
				61A6FF942A2DE2E3004B6112 /* Resources */,
				E9A4E297CA0FDE60242F9972 /* [CP] Embed Pods Frameworks */,
			);
			buildRules = (
			);
			dependencies = (
			);
			name = "Eco Stem";
			productName = "Eco Stem";
			productReference = 61A6FF962A2DE2E3004B6112 /* Eco Stem.app */;
			productType = "com.apple.product-type.application";
		};
/* End PBXNativeTarget section */

/* Begin PBXProject section */
		61A6FF8E2A2DE2E3004B6112 /* Project object */ = {
			isa = PBXProject;
			attributes = {
				BuildIndependentTargetsInParallel = 1;
				LastSwiftUpdateCheck = 1430;
				LastUpgradeCheck = 1430;
				TargetAttributes = {
					61A6FF952A2DE2E3004B6112 = {
						CreatedOnToolsVersion = 14.3;
					};
				};
			};
			buildConfigurationList = 61A6FF912A2DE2E3004B6112 /* Build configuration list for PBXProject "Eco Stem" */;
			compatibilityVersion = "Xcode 14.0";
			developmentRegion = en;
			hasScannedForEncodings = 0;
			knownRegions = (
				en,
				Base,
			);
			mainGroup = 61A6FF8D2A2DE2E3004B6112;
			productRefGroup = 61A6FF972A2DE2E3004B6112 /* Products */;
			projectDirPath = "";
			projectRoot = "";
			targets = (
				61A6FF952A2DE2E3004B6112 /* Eco Stem */,
			);
		};
/* End PBXProject section */

/* Begin PBXResourcesBuildPhase section */
		61A6FF942A2DE2E3004B6112 /* Resources */ = {
			isa = PBXResourcesBuildPhase;
			buildActionMask = 2147483647;
			files = (
				61A6FFA92A2DE2E4004B6112 /* LaunchScreen.storyboard in Resources */,
				61A6FFA62A2DE2E4004B6112 /* Assets.xcassets in Resources */,
				61A6FFA12A2DE2E3004B6112 /* Main.storyboard in Resources */,
			);
			runOnlyForDeploymentPostprocessing = 0;
		};
/* End PBXResourcesBuildPhase section */

/* Begin PBXShellScriptBuildPhase section */
		6B141FC568D9E2AFA9F696A0 /* [CP] Check Pods Manifest.lock */ = {
			isa = PBXShellScriptBuildPhase;
			buildActionMask = 2147483647;
			files = (
			);
			inputFileListPaths = (
			);
			inputPaths = (
				"${PODS_PODFILE_DIR_PATH}/Podfile.lock",
				"${PODS_ROOT}/Manifest.lock",
			);
			name = "[CP] Check Pods Manifest.lock";
			outputFileListPaths = (
			);
			outputPaths = (
				"$(DERIVED_FILE_DIR)/Pods-Eco Stem-checkManifestLockResult.txt",
			);
			runOnlyForDeploymentPostprocessing = 0;
			shellPath = /bin/sh;
			shellScript = "diff \"${PODS_PODFILE_DIR_PATH}/Podfile.lock\" \"${PODS_ROOT}/Manifest.lock\" > /dev/null\nif [ $? != 0 ] ; then\n    # print error to STDERR\n    echo \"error: The sandbox is not in sync with the Podfile.lock. Run 'pod install' or update your CocoaPods installation.\" >&2\n    exit 1\nfi\n# This output is used by Xcode 'outputs' to avoid re-running this script phase.\necho \"SUCCESS\" > \"${SCRIPT_OUTPUT_FILE_0}\"\n";
			showEnvVarsInLog = 0;
		};
		E9A4E297CA0FDE60242F9972 /* [CP] Embed Pods Frameworks */ = {
			isa = PBXShellScriptBuildPhase;
			buildActionMask = 2147483647;
			files = (
			);
			inputFileListPaths = (
				"${PODS_ROOT}/Target Support Files/Pods-Eco Stem/Pods-Eco Stem-frameworks-${CONFIGURATION}-input-files.xcfilelist",
			);
			name = "[CP] Embed Pods Frameworks";
			outputFileListPaths = (
				"${PODS_ROOT}/Target Support Files/Pods-Eco Stem/Pods-Eco Stem-frameworks-${CONFIGURATION}-output-files.xcfilelist",
			);
			runOnlyForDeploymentPostprocessing = 0;
			shellPath = /bin/sh;
			shellScript = "\"${PODS_ROOT}/Target Support Files/Pods-Eco Stem/Pods-Eco Stem-frameworks.sh\"\n";
			showEnvVarsInLog = 0;
		};
/* End PBXShellScriptBuildPhase section */

/* Begin PBXSourcesBuildPhase section */
		61A6FF922A2DE2E3004B6112 /* Sources */ = {
			isa = PBXSourcesBuildPhase;
			buildActionMask = 2147483647;
			files = (
				6183F3F82A2DED54006F14C2 /* SignUpViewController.swift in Sources */,
				6183F3FA2A2DED6D006F14C2 /* ForgotPasswordViewController.swift in Sources */,
				61A6FFA42A2DE2E3004B6112 /* Eco_Stem.xcdatamodeld in Sources */,
				61A6FF9E2A2DE2E3004B6112 /* WelcomeViewController.swift in Sources */,
				61A6FF9A2A2DE2E3004B6112 /* AppDelegate.swift in Sources */,
				6183F3F62A2DED46006F14C2 /* LogInViewController.swift in Sources */,
				61A6FF9C2A2DE2E3004B6112 /* SceneDelegate.swift in Sources */,
			);
			runOnlyForDeploymentPostprocessing = 0;
		};
/* End PBXSourcesBuildPhase section */

/* Begin PBXVariantGroup section */
		61A6FF9F2A2DE2E3004B6112 /* Main.storyboard */ = {
			isa = PBXVariantGroup;
			children = (
				61A6FFA02A2DE2E3004B6112 /* Base */,
			);
			name = Main.storyboard;
			sourceTree = "<group>";
		};
		61A6FFA72A2DE2E4004B6112 /* LaunchScreen.storyboard */ = {
			isa = PBXVariantGroup;
			children = (
				61A6FFA82A2DE2E4004B6112 /* Base */,
			);
			name = LaunchScreen.storyboard;
			sourceTree = "<group>";
		};
/* End PBXVariantGroup section */

/* Begin XCBuildConfiguration section */
		61A6FFAB2A2DE2E4004B6112 /* Debug */ = {
			isa = XCBuildConfiguration;
			buildSettings = {
				ALWAYS_SEARCH_USER_PATHS = NO;
				CLANG_ANALYZER_NONNULL = YES;
				CLANG_ANALYZER_NUMBER_OBJECT_CONVERSION = YES_AGGRESSIVE;
				CLANG_CXX_LANGUAGE_STANDARD = "gnu++20";
				CLANG_ENABLE_MODULES = YES;
				CLANG_ENABLE_OBJC_ARC = YES;
				CLANG_ENABLE_OBJC_WEAK = YES;
				CLANG_WARN_BLOCK_CAPTURE_AUTORELEASING = YES;
				CLANG_WARN_BOOL_CONVERSION = YES;
				CLANG_WARN_COMMA = YES;
				CLANG_WARN_CONSTANT_CONVERSION = YES;
				CLANG_WARN_DEPRECATED_OBJC_IMPLEMENTATIONS = YES;
				CLANG_WARN_DIRECT_OBJC_ISA_USAGE = YES_ERROR;
				CLANG_WARN_DOCUMENTATION_COMMENTS = YES;
				CLANG_WARN_EMPTY_BODY = YES;
				CLANG_WARN_ENUM_CONVERSION = YES;
				CLANG_WARN_INFINITE_RECURSION = YES;
				CLANG_WARN_INT_CONVERSION = YES;
				CLANG_WARN_NON_LITERAL_NULL_CONVERSION = YES;
				CLANG_WARN_OBJC_IMPLICIT_RETAIN_SELF = YES;
				CLANG_WARN_OBJC_LITERAL_CONVERSION = YES;
				CLANG_WARN_OBJC_ROOT_CLASS = YES_ERROR;
				CLANG_WARN_QUOTED_INCLUDE_IN_FRAMEWORK_HEADER = YES;
				CLANG_WARN_RANGE_LOOP_ANALYSIS = YES;
				CLANG_WARN_STRICT_PROTOTYPES = YES;
				CLANG_WARN_SUSPICIOUS_MOVE = YES;
				CLANG_WARN_UNGUARDED_AVAILABILITY = YES_AGGRESSIVE;
				CLANG_WARN_UNREACHABLE_CODE = YES;
				CLANG_WARN__DUPLICATE_METHOD_MATCH = YES;
				COPY_PHASE_STRIP = NO;
				DEBUG_INFORMATION_FORMAT = dwarf;
				ENABLE_STRICT_OBJC_MSGSEND = YES;
				ENABLE_TESTABILITY = YES;
				GCC_C_LANGUAGE_STANDARD = gnu11;
				GCC_DYNAMIC_NO_PIC = NO;
				GCC_NO_COMMON_BLOCKS = YES;
				GCC_OPTIMIZATION_LEVEL = 0;
				GCC_PREPROCESSOR_DEFINITIONS = (
					"DEBUG=1",
					"$(inherited)",
				);
				GCC_WARN_64_TO_32_BIT_CONVERSION = YES;
				GCC_WARN_ABOUT_RETURN_TYPE = YES_ERROR;
				GCC_WARN_UNDECLARED_SELECTOR = YES;
				GCC_WARN_UNINITIALIZED_AUTOS = YES_AGGRESSIVE;
				GCC_WARN_UNUSED_FUNCTION = YES;
				GCC_WARN_UNUSED_VARIABLE = YES;
				IPHONEOS_DEPLOYMENT_TARGET = 16.4;
				MTL_ENABLE_DEBUG_INFO = INCLUDE_SOURCE;
				MTL_FAST_MATH = YES;
				ONLY_ACTIVE_ARCH = YES;
				SDKROOT = iphoneos;
				SWIFT_ACTIVE_COMPILATION_CONDITIONS = DEBUG;
				SWIFT_OPTIMIZATION_LEVEL = "-Onone";
			};
			name = Debug;
		};
		61A6FFAC2A2DE2E4004B6112 /* Release */ = {
			isa = XCBuildConfiguration;
			buildSettings = {
				ALWAYS_SEARCH_USER_PATHS = NO;
				CLANG_ANALYZER_NONNULL = YES;
				CLANG_ANALYZER_NUMBER_OBJECT_CONVERSION = YES_AGGRESSIVE;
				CLANG_CXX_LANGUAGE_STANDARD = "gnu++20";
				CLANG_ENABLE_MODULES = YES;
				CLANG_ENABLE_OBJC_ARC = YES;
				CLANG_ENABLE_OBJC_WEAK = YES;
				CLANG_WARN_BLOCK_CAPTURE_AUTORELEASING = YES;
				CLANG_WARN_BOOL_CONVERSION = YES;
				CLANG_WARN_COMMA = YES;
				CLANG_WARN_CONSTANT_CONVERSION = YES;
				CLANG_WARN_DEPRECATED_OBJC_IMPLEMENTATIONS = YES;
				CLANG_WARN_DIRECT_OBJC_ISA_USAGE = YES_ERROR;
				CLANG_WARN_DOCUMENTATION_COMMENTS = YES;
				CLANG_WARN_EMPTY_BODY = YES;
				CLANG_WARN_ENUM_CONVERSION = YES;
				CLANG_WARN_INFINITE_RECURSION = YES;
				CLANG_WARN_INT_CONVERSION = YES;
				CLANG_WARN_NON_LITERAL_NULL_CONVERSION = YES;
				CLANG_WARN_OBJC_IMPLICIT_RETAIN_SELF = YES;
				CLANG_WARN_OBJC_LITERAL_CONVERSION = YES;
				CLANG_WARN_OBJC_ROOT_CLASS = YES_ERROR;
				CLANG_WARN_QUOTED_INCLUDE_IN_FRAMEWORK_HEADER = YES;
				CLANG_WARN_RANGE_LOOP_ANALYSIS = YES;
				CLANG_WARN_STRICT_PROTOTYPES = YES;
				CLANG_WARN_SUSPICIOUS_MOVE = YES;
				CLANG_WARN_UNGUARDED_AVAILABILITY = YES_AGGRESSIVE;
				CLANG_WARN_UNREACHABLE_CODE = YES;
				CLANG_WARN__DUPLICATE_METHOD_MATCH = YES;
				COPY_PHASE_STRIP = NO;
				DEBUG_INFORMATION_FORMAT = "dwarf-with-dsym";
				ENABLE_NS_ASSERTIONS = NO;
				ENABLE_STRICT_OBJC_MSGSEND = YES;
				GCC_C_LANGUAGE_STANDARD = gnu11;
				GCC_NO_COMMON_BLOCKS = YES;
				GCC_WARN_64_TO_32_BIT_CONVERSION = YES;
				GCC_WARN_ABOUT_RETURN_TYPE = YES_ERROR;
				GCC_WARN_UNDECLARED_SELECTOR = YES;
				GCC_WARN_UNINITIALIZED_AUTOS = YES_AGGRESSIVE;
				GCC_WARN_UNUSED_FUNCTION = YES;
				GCC_WARN_UNUSED_VARIABLE = YES;
				IPHONEOS_DEPLOYMENT_TARGET = 16.4;
				MTL_ENABLE_DEBUG_INFO = NO;
				MTL_FAST_MATH = YES;
				SDKROOT = iphoneos;
				SWIFT_COMPILATION_MODE = wholemodule;
				SWIFT_OPTIMIZATION_LEVEL = "-O";
				VALIDATE_PRODUCT = YES;
			};
			name = Release;
		};
		61A6FFAE2A2DE2E4004B6112 /* Debug */ = {
			isa = XCBuildConfiguration;
			baseConfigurationReference = 60C92658491F636D5878012B /* Pods-Eco Stem.debug.xcconfig */;
			buildSettings = {
				ASSETCATALOG_COMPILER_APPICON_NAME = AppIcon;
				ASSETCATALOG_COMPILER_GLOBAL_ACCENT_COLOR_NAME = AccentColor;
				CODE_SIGN_STYLE = Automatic;
				CURRENT_PROJECT_VERSION = 1;
				DEVELOPMENT_TEAM = PWD28R24HG;
				GENERATE_INFOPLIST_FILE = YES;
				INFOPLIST_FILE = "Eco Stem/Info.plist";
				INFOPLIST_KEY_LSApplicationCategoryType = "public.app-category.social-networking";
				INFOPLIST_KEY_UIApplicationSupportsIndirectInputEvents = YES;
				INFOPLIST_KEY_UILaunchStoryboardName = LaunchScreen;
				INFOPLIST_KEY_UIMainStoryboardFile = Main;
				INFOPLIST_KEY_UISupportedInterfaceOrientations = UIInterfaceOrientationPortrait;
				INFOPLIST_KEY_UISupportedInterfaceOrientations_iPad = "UIInterfaceOrientationLandscapeLeft UIInterfaceOrientationLandscapeRight UIInterfaceOrientationPortrait UIInterfaceOrientationPortraitUpsideDown";
				IPHONEOS_DEPLOYMENT_TARGET = 13.0;
				LD_RUNPATH_SEARCH_PATHS = (
					"$(inherited)",
					"@executable_path/Frameworks",
				);
				MARKETING_VERSION = 1.0;
				PRODUCT_BUNDLE_IDENTIFIER = "com.Artiom-Porcescu.Eco-Stem";
				PRODUCT_NAME = "$(TARGET_NAME)";
				SUPPORTED_PLATFORMS = "iphoneos iphonesimulator";
				SUPPORTS_MACCATALYST = NO;
				SUPPORTS_MAC_DESIGNED_FOR_IPHONE_IPAD = NO;
				SWIFT_EMIT_LOC_STRINGS = YES;
				SWIFT_VERSION = 5.0;
				TARGETED_DEVICE_FAMILY = 1;
			};
			name = Debug;
		};
		61A6FFAF2A2DE2E4004B6112 /* Release */ = {
			isa = XCBuildConfiguration;
			baseConfigurationReference = CE9E2F16DCB36539810D408E /* Pods-Eco Stem.release.xcconfig */;
			buildSettings = {
				ASSETCATALOG_COMPILER_APPICON_NAME = AppIcon;
				ASSETCATALOG_COMPILER_GLOBAL_ACCENT_COLOR_NAME = AccentColor;
				CODE_SIGN_STYLE = Automatic;
				CURRENT_PROJECT_VERSION = 1;
				DEVELOPMENT_TEAM = PWD28R24HG;
				GENERATE_INFOPLIST_FILE = YES;
				INFOPLIST_FILE = "Eco Stem/Info.plist";
				INFOPLIST_KEY_LSApplicationCategoryType = "public.app-category.social-networking";
				INFOPLIST_KEY_UIApplicationSupportsIndirectInputEvents = YES;
				INFOPLIST_KEY_UILaunchStoryboardName = LaunchScreen;
				INFOPLIST_KEY_UIMainStoryboardFile = Main;
				INFOPLIST_KEY_UISupportedInterfaceOrientations = UIInterfaceOrientationPortrait;
				INFOPLIST_KEY_UISupportedInterfaceOrientations_iPad = "UIInterfaceOrientationLandscapeLeft UIInterfaceOrientationLandscapeRight UIInterfaceOrientationPortrait UIInterfaceOrientationPortraitUpsideDown";
				IPHONEOS_DEPLOYMENT_TARGET = 13.0;
				LD_RUNPATH_SEARCH_PATHS = (
					"$(inherited)",
					"@executable_path/Frameworks",
				);
				MARKETING_VERSION = 1.0;
				PRODUCT_BUNDLE_IDENTIFIER = "com.Artiom-Porcescu.Eco-Stem";
				PRODUCT_NAME = "$(TARGET_NAME)";
				SUPPORTED_PLATFORMS = "iphoneos iphonesimulator";
				SUPPORTS_MACCATALYST = NO;
				SUPPORTS_MAC_DESIGNED_FOR_IPHONE_IPAD = NO;
				SWIFT_EMIT_LOC_STRINGS = YES;
				SWIFT_VERSION = 5.0;
				TARGETED_DEVICE_FAMILY = 1;
			};
			name = Release;
		};
/* End XCBuildConfiguration section */

/* Begin XCConfigurationList section */
		61A6FF912A2DE2E3004B6112 /* Build configuration list for PBXProject "Eco Stem" */ = {
			isa = XCConfigurationList;
			buildConfigurations = (
				61A6FFAB2A2DE2E4004B6112 /* Debug */,
				61A6FFAC2A2DE2E4004B6112 /* Release */,
			);
			defaultConfigurationIsVisible = 0;
			defaultConfigurationName = Release;
		};
		61A6FFAD2A2DE2E4004B6112 /* Build configuration list for PBXNativeTarget "Eco Stem" */ = {
			isa = XCConfigurationList;
			buildConfigurations = (
				61A6FFAE2A2DE2E4004B6112 /* Debug */,
				61A6FFAF2A2DE2E4004B6112 /* Release */,
			);
			defaultConfigurationIsVisible = 0;
			defaultConfigurationName = Release;
		};
/* End XCConfigurationList section */

/* Begin XCVersionGroup section */
		61A6FFA22A2DE2E3004B6112 /* Eco_Stem.xcdatamodeld */ = {
			isa = XCVersionGroup;
			children = (
				61A6FFA32A2DE2E3004B6112 /* Eco_Stem.xcdatamodel */,
			);
			currentVersion = 61A6FFA32A2DE2E3004B6112 /* Eco_Stem.xcdatamodel */;
			path = Eco_Stem.xcdatamodeld;
			sourceTree = "<group>";
			versionGroupType = wrapper.xcdatamodel;
		};
/* End XCVersionGroup section */
	};
	rootObject = 61A6FF8E2A2DE2E3004B6112 /* Project object */;
}
